
Microsoft Visual Studio Solution File, Format Version 12.00
# Visual Studio Version 16
VisualStudioVersion = 16.0.31313.381
MinimumVisualStudioVersion = 10.0.40219.1
Project("{9A19103F-16F7-4668-BE54-9A1E7A4F7556}") = "UserRegistartion", "WebApi1\UserRegistartion.csproj", "{7DDCC738-91F5-4583-9BDA-52237C9473BA}"
EndProject
Global
	GlobalSection(SolutionConfigurationPlatforms) = preSolution
		Debug|Any CPU = Debug|Any CPU
		Release|Any CPU = Release|Any CPU
	EndGlobalSection
	GlobalSection(ProjectConfigurationPlatforms) = postSolution
		{7DDCC738-91F5-4583-9BDA-52237C9473BA}.Debug|Any CPU.ActiveCfg = Debug|Any CPU
		{7DDCC738-91F5-4583-9BDA-52237C9473BA}.Debug|Any CPU.Build.0 = Debug|Any CPU
		{7DDCC738-91F5-4583-9BDA-52237C9473BA}.Release|Any CPU.ActiveCfg = Release|Any CPU
		{7DDCC738-91F5-4583-9BDA-52237C9473BA}.Release|Any CPU.Build.0 = Release|Any CPU
	EndGlobalSection
	GlobalSection(SolutionProperties) = preSolution
		HideSolutionNode = FALSE
	EndGlobalSection
	GlobalSection(ExtensibilityGlobals) = postSolution
		SolutionGuid = {D35E103D-E26A-442E-8117-5A6D8D8DAFBC}
	EndGlobalSection
EndGlobal
